{
  "version": 4,
  "terraform_version": "1.12.2",
  "serial": 65,
  "lineage": "56dd0bf7-ba71-6677-90f4-5c18152aa2cd",
  "outputs": {
    "instance_id": {
      "value": "i-0f35f2fd206fd1131",
      "type": "string"
    },
    "instance_name": {
      "value": "MyEC2FromModule",
      "type": "string"
    },
    "instance_profile_name": {
      "value": "ec2-access-my-s3-bucket-instance-profile",
      "type": "string"
    },
    "instance_public_ip": {
      "value": "34.204.3.124",
      "type": "string"
    },
    "security_group_id": {
      "value": "sg-0e7aabb3e5a8b125f",
      "type": "string"
    }
  },
  "resources": [
    {
      "module": "module.ec2_instance",
      "mode": "managed",
      "type": "aws_instance",
      "name": "this",
      "provider": "provider[\"registry.terraform.io/hashicorp/aws\"]",
      "instances": [
        {
          "schema_version": 2,
          "attributes": {
            "ami": "ami-0cbbe2c6a1bb2ad63",
            "arn": "arn:aws:ec2:us-east-1:149864983251:instance/i-0f35f2fd206fd1131",
            "associate_public_ip_address": true,
            "availability_zone": "us-east-1b",
            "capacity_reservation_specification": [
              {
                "capacity_reservation_preference": "open",
                "capacity_reservation_target": []
              }
            ],
            "cpu_options": [
              {
                "amd_sev_snp": "",
                "core_count": 1,
                "threads_per_core": 1
              }
            ],
            "credit_specification": [
              {
                "cpu_credits": "standard"
              }
            ],
            "disable_api_stop": false,
            "disable_api_termination": false,
            "ebs_block_device": [],
            "ebs_optimized": false,
            "enable_primary_ipv6": null,
            "enclave_options": [
              {
                "enabled": false
              }
            ],
            "ephemeral_block_device": [],
            "get_password_data": false,
            "hibernation": false,
            "host_id": "",
            "host_resource_group_arn": null,
            "iam_instance_profile": "ec2-access-my-s3-bucket-instance-profile",
            "id": "i-0f35f2fd206fd1131",
            "instance_initiated_shutdown_behavior": "stop",
            "instance_lifecycle": "",
            "instance_market_options": [],
            "instance_state": "running",
            "instance_type": "t2.micro",
            "ipv6_address_count": 0,
            "ipv6_addresses": [],
            "key_name": "terraform-us-east-1",
            "launch_template": [],
            "maintenance_options": [
              {
                "auto_recovery": "default"
              }
            ],
            "metadata_options": [
              {
                "http_endpoint": "enabled",
                "http_protocol_ipv6": "disabled",
                "http_put_response_hop_limit": 2,
                "http_tokens": "required",
                "instance_metadata_tags": "disabled"
              }
            ],
            "monitoring": false,
            "network_interface": [],
            "outpost_arn": "",
            "password_data": "",
            "placement_group": "",
            "placement_partition_number": 0,
            "primary_network_interface_id": "eni-05f6e627370a58aff",
            "private_dns": "ip-172-31-86-83.ec2.internal",
            "private_dns_name_options": [
              {
                "enable_resource_name_dns_a_record": false,
                "enable_resource_name_dns_aaaa_record": false,
                "hostname_type": "ip-name"
              }
            ],
            "private_ip": "172.31.86.83",
            "public_dns": "ec2-34-204-3-124.compute-1.amazonaws.com",
            "public_ip": "34.204.3.124",
            "region": "us-east-1",
            "root_block_device": [
              {
                "delete_on_termination": true,
                "device_name": "/dev/xvda",
                "encrypted": false,
                "iops": 3000,
                "kms_key_id": "",
                "tags": {},
                "tags_all": {},
                "throughput": 125,
                "volume_id": "vol-051dce38457f986a0",
                "volume_size": 8,
                "volume_type": "gp3"
              }
            ],
            "secondary_private_ips": [],
            "security_groups": [
              "web-sg"
            ],
            "source_dest_check": true,
            "spot_instance_request_id": "",
            "subnet_id": "subnet-0ec52f4e3c9803806",
            "tags": {
              "Name": "MyEC2FromModule"
            },
            "tags_all": {
              "Name": "MyEC2FromModule"
            },
            "tenancy": "default",
            "timeouts": null,
            "user_data": null,
            "user_data_base64": null,
            "user_data_replace_on_change": false,
            "volume_tags": null,
            "vpc_security_group_ids": [
              "sg-0e7aabb3e5a8b125f"
            ]
          },
          "sensitive_attributes": [],
          "identity_schema_version": 0,
          "private": "eyJlMmJmYjczMC1lY2FhLTExZTYtOGY4OC0zNDM2M2JjN2M0YzAiOnsiY3JlYXRlIjo2MDAwMDAwMDAwMDAsImRlbGV0ZSI6MTIwMDAwMDAwMDAwMCwicmVhZCI6OTAwMDAwMDAwMDAwLCJ1cGRhdGUiOjYwMDAwMDAwMDAwMH0sInNjaGVtYV92ZXJzaW9uIjoiMiJ9",
          "dependencies": [
            "module.ec2_s3_role.aws_iam_instance_profile.this",
            "module.ec2_s3_role.aws_iam_role.ec2_role",
            "module.web_sg.aws_security_group.this"
          ]
        }
      ]
    },
    {
      "module": "module.ec2_instance",
      "mode": "managed",
      "type": "null_resource",
      "name": "provision_ec2",
      "provider": "provider[\"registry.terraform.io/hashicorp/null\"]",
      "instances": [
        {
          "schema_version": 0,
          "attributes": {
            "id": "1428423711",
            "triggers": {
              "always_run": "2025-07-23T12:50:33Z"
            }
          },
          "sensitive_attributes": [],
          "identity_schema_version": 0,
          "dependencies": [
            "module.ec2_instance.aws_instance.this",
            "module.ec2_s3_role.aws_iam_instance_profile.this",
            "module.ec2_s3_role.aws_iam_role.ec2_role",
            "module.web_sg.aws_security_group.this"
          ]
        }
      ]
    },
    {
      "module": "module.ec2_s3_role",
      "mode": "managed",
      "type": "aws_iam_instance_profile",
      "name": "this",
      "provider": "provider[\"registry.terraform.io/hashicorp/aws\"]",
      "instances": [
        {
          "schema_version": 0,
          "attributes": {
            "arn": "arn:aws:iam::149864983251:instance-profile/ec2-access-my-s3-bucket-instance-profile",
            "create_date": "2025-07-23T10:57:23Z",
            "id": "ec2-access-my-s3-bucket-instance-profile",
            "name": "ec2-access-my-s3-bucket-instance-profile",
            "name_prefix": "",
            "path": "/",
            "role": "ec2-access-my-s3-bucket",
            "tags": {},
            "tags_all": {},
            "unique_id": "AIPASFZFGFLJ7GWCREVOH"
          },
          "sensitive_attributes": [],
          "identity_schema_version": 0,
          "private": "bnVsbA==",
          "dependencies": [
            "module.ec2_s3_role.aws_iam_role.ec2_role"
          ]
        }
      ]
    },
    {
      "module": "module.ec2_s3_role",
      "mode": "managed",
      "type": "aws_iam_policy",
      "name": "s3_specific_bucket_policy",
      "provider": "provider[\"registry.terraform.io/hashicorp/aws\"]",
      "instances": [
        {
          "schema_version": 0,
          "attributes": {
            "arn": "arn:aws:iam::149864983251:policy/ec2-access-my-s3-bucket-s3-bucket-policy",
            "attachment_count": 1,
            "description": "",
            "id": "arn:aws:iam::149864983251:policy/ec2-access-my-s3-bucket-s3-bucket-policy",
            "name": "ec2-access-my-s3-bucket-s3-bucket-policy",
            "name_prefix": "",
            "path": "/",
            "policy": "{\"Statement\":[{\"Action\":[\"s3:ListBucket\"],\"Effect\":\"Allow\",\"Resource\":[\"arn:aws:s3:::my-special-bucket-name\"]},{\"Action\":[\"s3:GetObject\",\"s3:PutObject\",\"s3:DeleteObject\"],\"Effect\":\"Allow\",\"Resource\":[\"arn:aws:s3:::my-special-bucket-name/*\"]}],\"Version\":\"2012-10-17\"}",
            "policy_id": "ANPASFZFGFLJY52NOBRUG",
            "tags": {},
            "tags_all": {}
          },
          "sensitive_attributes": [],
          "identity_schema_version": 0,
          "private": "bnVsbA=="
        }
      ]
    },
    {
      "module": "module.ec2_s3_role",
      "mode": "managed",
      "type": "aws_iam_role",
      "name": "ec2_role",
      "provider": "provider[\"registry.terraform.io/hashicorp/aws\"]",
      "instances": [
        {
          "schema_version": 0,
          "attributes": {
            "arn": "arn:aws:iam::149864983251:role/ec2-access-my-s3-bucket",
            "assume_role_policy": "{\"Statement\":[{\"Action\":\"sts:AssumeRole\",\"Effect\":\"Allow\",\"Principal\":{\"Service\":\"ec2.amazonaws.com\"}}],\"Version\":\"2012-10-17\"}",
            "create_date": "2025-07-23T10:57:22Z",
            "description": "",
            "force_detach_policies": false,
            "id": "ec2-access-my-s3-bucket",
            "inline_policy": [],
            "managed_policy_arns": [
              "arn:aws:iam::149864983251:policy/ec2-access-my-s3-bucket-s3-bucket-policy"
            ],
            "max_session_duration": 3600,
            "name": "ec2-access-my-s3-bucket",
            "name_prefix": "",
            "path": "/",
            "permissions_boundary": "",
            "tags": {},
            "tags_all": {},
            "unique_id": "AROASFZFGFLJQ3MEEWNRA"
          },
          "sensitive_attributes": [],
          "identity_schema_version": 0,
          "identity": {
            "account_id": "149864983251",
            "name": "ec2-access-my-s3-bucket"
          },
          "private": "bnVsbA=="
        }
      ]
    },
    {
      "module": "module.ec2_s3_role",
      "mode": "managed",
      "type": "aws_iam_role_policy_attachment",
      "name": "attach_s3_policy",
      "provider": "provider[\"registry.terraform.io/hashicorp/aws\"]",
      "instances": [
        {
          "schema_version": 0,
          "attributes": {
            "id": "ec2-access-my-s3-bucket/arn:aws:iam::149864983251:policy/ec2-access-my-s3-bucket-s3-bucket-policy",
            "policy_arn": "arn:aws:iam::149864983251:policy/ec2-access-my-s3-bucket-s3-bucket-policy",
            "role": "ec2-access-my-s3-bucket"
          },
          "sensitive_attributes": [],
          "identity_schema_version": 0,
          "identity": {
            "account_id": "149864983251",
            "policy_arn": "arn:aws:iam::149864983251:policy/ec2-access-my-s3-bucket-s3-bucket-policy",
            "role": "ec2-access-my-s3-bucket"
          },
          "private": "bnVsbA==",
          "dependencies": [
            "module.ec2_s3_role.aws_iam_policy.s3_specific_bucket_policy",
            "module.ec2_s3_role.aws_iam_role.ec2_role"
          ]
        }
      ]
    },
    {
      "module": "module.web_sg",
      "mode": "managed",
      "type": "aws_security_group",
      "name": "this",
      "provider": "provider[\"registry.terraform.io/hashicorp/aws\"]",
      "instances": [
        {
          "schema_version": 1,
          "attributes": {
            "arn": "arn:aws:ec2:us-east-1:149864983251:security-group/sg-0e7aabb3e5a8b125f",
            "description": "Security group for web servers",
            "egress": [
              {
                "cidr_blocks": [
                  "0.0.0.0/0"
                ],
                "description": "",
                "from_port": 0,
                "ipv6_cidr_blocks": [],
                "prefix_list_ids": [],
                "protocol": "-1",
                "security_groups": [],
                "self": false,
                "to_port": 0
              }
            ],
            "id": "sg-0e7aabb3e5a8b125f",
            "ingress": [
              {
                "cidr_blocks": [
                  "0.0.0.0/0"
                ],
                "description": "",
                "from_port": 80,
                "ipv6_cidr_blocks": [],
                "prefix_list_ids": [],
                "protocol": "tcp",
                "security_groups": [],
                "self": false,
                "to_port": 80
              },
              {
                "cidr_blocks": [
                  "49.207.207.88/32"
                ],
                "description": "",
                "from_port": 22,
                "ipv6_cidr_blocks": [],
                "prefix_list_ids": [],
                "protocol": "tcp",
                "security_groups": [],
                "self": false,
                "to_port": 22
              }
            ],
            "name": "web-sg",
            "name_prefix": "",
            "owner_id": "149864983251",
            "region": "us-east-1",
            "revoke_rules_on_delete": false,
            "tags": {
              "Environment": "dev",
              "Name": "web-sg"
            },
            "tags_all": {
              "Environment": "dev",
              "Name": "web-sg"
            },
            "timeouts": null,
            "vpc_id": "vpc-0307a62533a99912a"
          },
          "sensitive_attributes": [],
          "identity_schema_version": 0,
          "private": "eyJlMmJmYjczMC1lY2FhLTExZTYtOGY4OC0zNDM2M2JjN2M0YzAiOnsiY3JlYXRlIjo2MDAwMDAwMDAwMDAsImRlbGV0ZSI6OTAwMDAwMDAwMDAwfSwic2NoZW1hX3ZlcnNpb24iOiIxIn0="
        }
      ]
    }
  ],
  "check_results": null
}
