{
  "version": 4,
  "terraform_version": "1.12.2",
  "serial": 94,
  "lineage": "56dd0bf7-ba71-6677-90f4-5c18152aa2cd",
  "outputs": {
    "instance_id": {
      "value": "i-0d52d2d129a29497a",
      "type": "string"
    },
    "instance_name": {
      "value": "MyEC2FromModule",
      "type": "string"
    },
    "instance_profile_name": {
      "value": "ec2-access-my-s3-bucket-instance-profile",
      "type": "string"
    },
    "instance_public_ip": {
      "value": "3.82.211.17",
      "type": "string"
    },
    "security_group_id": {
      "value": "sg-095c34f0daaffd058",
      "type": "string"
    }
  },
  "resources": [
    {
      "module": "module.ec2_s3_role",
      "mode": "managed",
      "type": "aws_iam_instance_profile",
      "name": "this",
      "provider": "provider[\"registry.terraform.io/hashicorp/aws\"]",
      "instances": [
        {
          "schema_version": 0,
          "attributes": {
            "arn": "arn:aws:iam::149864983251:instance-profile/ec2-access-my-s3-bucket-instance-profile",
            "create_date": "2025-07-31T16:44:02Z",
            "id": "ec2-access-my-s3-bucket-instance-profile",
            "name": "ec2-access-my-s3-bucket-instance-profile",
            "name_prefix": "",
            "path": "/",
            "role": "ec2-access-my-s3-bucket",
            "tags": {},
            "tags_all": {},
            "unique_id": "AIPASFZFGFLJRR2FIIZMT"
          },
          "sensitive_attributes": [],
          "identity_schema_version": 0,
          "private": "bnVsbA==",
          "dependencies": [
            "module.ec2_s3_role.aws_iam_role.ec2_role"
          ]
        }
      ]
    },
    {
      "module": "module.ec2_s3_role",
      "mode": "managed",
      "type": "aws_iam_policy",
      "name": "s3_specific_bucket_policy",
      "provider": "provider[\"registry.terraform.io/hashicorp/aws\"]",
      "instances": [
        {
          "schema_version": 0,
          "attributes": {
            "arn": "arn:aws:iam::149864983251:policy/ec2-access-my-s3-bucket-s3-bucket-policy",
            "attachment_count": 1,
            "description": "",
            "id": "arn:aws:iam::149864983251:policy/ec2-access-my-s3-bucket-s3-bucket-policy",
            "name": "ec2-access-my-s3-bucket-s3-bucket-policy",
            "name_prefix": "",
            "path": "/",
            "policy": "{\"Statement\":[{\"Action\":[\"s3:ListBucket\"],\"Effect\":\"Allow\",\"Resource\":[\"arn:aws:s3:::my-special-bucket-name\"]},{\"Action\":[\"s3:GetObject\",\"s3:PutObject\",\"s3:DeleteObject\"],\"Effect\":\"Allow\",\"Resource\":[\"arn:aws:s3:::my-special-bucket-name/*\"]}],\"Version\":\"2012-10-17\"}",
            "policy_id": "ANPASFZFGFLJ5C7BMEJ7Y",
            "tags": {},
            "tags_all": {}
          },
          "sensitive_attributes": [],
          "identity_schema_version": 0,
          "private": "bnVsbA=="
        }
      ]
    },
    {
      "module": "module.ec2_s3_role",
      "mode": "managed",
      "type": "aws_iam_role",
      "name": "ec2_role",
      "provider": "provider[\"registry.terraform.io/hashicorp/aws\"]",
      "instances": [
        {
          "schema_version": 0,
          "attributes": {
            "arn": "arn:aws:iam::149864983251:role/ec2-access-my-s3-bucket",
            "assume_role_policy": "{\"Statement\":[{\"Action\":\"sts:AssumeRole\",\"Effect\":\"Allow\",\"Principal\":{\"Service\":\"ec2.amazonaws.com\"}}],\"Version\":\"2012-10-17\"}",
            "create_date": "2025-07-31T16:44:01Z",
            "description": "",
            "force_detach_policies": false,
            "id": "ec2-access-my-s3-bucket",
            "inline_policy": [],
            "managed_policy_arns": [
              "arn:aws:iam::149864983251:policy/ec2-access-my-s3-bucket-s3-bucket-policy"
            ],
            "max_session_duration": 3600,
            "name": "ec2-access-my-s3-bucket",
            "name_prefix": "",
            "path": "/",
            "permissions_boundary": "",
            "tags": {},
            "tags_all": {},
            "unique_id": "AROASFZFGFLJTRLKDC6TY"
          },
          "sensitive_attributes": [],
          "identity_schema_version": 0,
          "identity": {
            "account_id": "149864983251",
            "name": "ec2-access-my-s3-bucket"
          },
          "private": "bnVsbA=="
        }
      ]
    },
    {
      "module": "module.ec2_s3_role",
      "mode": "managed",
      "type": "aws_iam_role_policy_attachment",
      "name": "attach_s3_policy",
      "provider": "provider[\"registry.terraform.io/hashicorp/aws\"]",
      "instances": [
        {
          "schema_version": 0,
          "attributes": {
            "id": "ec2-access-my-s3-bucket/arn:aws:iam::149864983251:policy/ec2-access-my-s3-bucket-s3-bucket-policy",
            "policy_arn": "arn:aws:iam::149864983251:policy/ec2-access-my-s3-bucket-s3-bucket-policy",
            "role": "ec2-access-my-s3-bucket"
          },
          "sensitive_attributes": [],
          "identity_schema_version": 0,
          "identity": {
            "account_id": "149864983251",
            "policy_arn": "arn:aws:iam::149864983251:policy/ec2-access-my-s3-bucket-s3-bucket-policy",
            "role": "ec2-access-my-s3-bucket"
          },
          "private": "bnVsbA==",
          "dependencies": [
            "module.ec2_s3_role.aws_iam_policy.s3_specific_bucket_policy",
            "module.ec2_s3_role.aws_iam_role.ec2_role"
          ]
        }
      ]
    },
    {
      "module": "module.web_sg",
      "mode": "managed",
      "type": "aws_security_group",
      "name": "this",
      "provider": "provider[\"registry.terraform.io/hashicorp/aws\"]",
      "instances": [
        {
          "schema_version": 1,
          "attributes": {
            "arn": "arn:aws:ec2:us-east-1:149864983251:security-group/sg-095c34f0daaffd058",
            "description": "Security group for web servers",
            "egress": [
              {
                "cidr_blocks": [
                  "0.0.0.0/0"
                ],
                "description": "",
                "from_port": 0,
                "ipv6_cidr_blocks": [],
                "prefix_list_ids": [],
                "protocol": "-1",
                "security_groups": [],
                "self": false,
                "to_port": 0
              }
            ],
            "id": "sg-095c34f0daaffd058",
            "ingress": [
              {
                "cidr_blocks": [
                  "0.0.0.0/0"
                ],
                "description": "",
                "from_port": 80,
                "ipv6_cidr_blocks": [],
                "prefix_list_ids": [],
                "protocol": "tcp",
                "security_groups": [],
                "self": false,
                "to_port": 80
              },
              {
                "cidr_blocks": [
                  "49.207.209.216/32"
                ],
                "description": "",
                "from_port": 22,
                "ipv6_cidr_blocks": [],
                "prefix_list_ids": [],
                "protocol": "tcp",
                "security_groups": [],
                "self": false,
                "to_port": 22
              }
            ],
            "name": "web-sg",
            "name_prefix": "",
            "owner_id": "149864983251",
            "region": "us-east-1",
            "revoke_rules_on_delete": false,
            "tags": {
              "Environment": "dev",
              "Name": "web-sg"
            },
            "tags_all": {
              "Environment": "dev",
              "Name": "web-sg"
            },
            "timeouts": null,
            "vpc_id": "vpc-0307a62533a99912a"
          },
          "sensitive_attributes": [],
          "identity_schema_version": 0,
          "private": "eyJlMmJmYjczMC1lY2FhLTExZTYtOGY4OC0zNDM2M2JjN2M0YzAiOnsiY3JlYXRlIjo2MDAwMDAwMDAwMDAsImRlbGV0ZSI6OTAwMDAwMDAwMDAwfSwic2NoZW1hX3ZlcnNpb24iOiIxIn0="
        }
      ]
    }
  ],
  "check_results": null
}
